
Microsoft Visual Studio Solution File, Format Version 12.00
# Visual Studio 15
VisualStudioVersion = 15.0.28307.136
MinimumVisualStudioVersion = 10.0.40219.1
Project("{FAE04EC0-301F-11D3-BF4B-00C04F79EFBC}") = "TopshelfWebApi", "ConsoleApp1\TopshelfWebApi.csproj", "{7F04122A-B773-4ADF-B3A9-8EAB5D09309F}"
EndProject
Project("{FAE04EC0-301F-11D3-BF4B-00C04F79EFBC}") = "Service", "ClassLibrary1\Service.csproj", "{C76C8E8A-A35D-488E-AE76-4D97532D3AE4}"
EndProject
Project("{FAE04EC0-301F-11D3-BF4B-00C04F79EFBC}") = "Repo", "ClassLibraryRepo\Repo.csproj", "{73FA9374-0D07-4EC3-BBB7-28A3A0F02143}"
EndProject
Global
	GlobalSection(SolutionConfigurationPlatforms) = preSolution
		Debug|Any CPU = Debug|Any CPU
		Release|Any CPU = Release|Any CPU
	EndGlobalSection
	GlobalSection(ProjectConfigurationPlatforms) = postSolution
		{7F04122A-B773-4ADF-B3A9-8EAB5D09309F}.Debug|Any CPU.ActiveCfg = Debug|Any CPU
		{7F04122A-B773-4ADF-B3A9-8EAB5D09309F}.Debug|Any CPU.Build.0 = Debug|Any CPU
		{7F04122A-B773-4ADF-B3A9-8EAB5D09309F}.Release|Any CPU.ActiveCfg = Release|Any CPU
		{7F04122A-B773-4ADF-B3A9-8EAB5D09309F}.Release|Any CPU.Build.0 = Release|Any CPU
		{C76C8E8A-A35D-488E-AE76-4D97532D3AE4}.Debug|Any CPU.ActiveCfg = Debug|Any CPU
		{C76C8E8A-A35D-488E-AE76-4D97532D3AE4}.Debug|Any CPU.Build.0 = Debug|Any CPU
		{C76C8E8A-A35D-488E-AE76-4D97532D3AE4}.Release|Any CPU.ActiveCfg = Release|Any CPU
		{C76C8E8A-A35D-488E-AE76-4D97532D3AE4}.Release|Any CPU.Build.0 = Release|Any CPU
		{73FA9374-0D07-4EC3-BBB7-28A3A0F02143}.Debug|Any CPU.ActiveCfg = Debug|Any CPU
		{73FA9374-0D07-4EC3-BBB7-28A3A0F02143}.Debug|Any CPU.Build.0 = Debug|Any CPU
		{73FA9374-0D07-4EC3-BBB7-28A3A0F02143}.Release|Any CPU.ActiveCfg = Release|Any CPU
		{73FA9374-0D07-4EC3-BBB7-28A3A0F02143}.Release|Any CPU.Build.0 = Release|Any CPU
	EndGlobalSection
	GlobalSection(SolutionProperties) = preSolution
		HideSolutionNode = FALSE
	EndGlobalSection
	GlobalSection(ExtensibilityGlobals) = postSolution
		SolutionGuid = {019ABE41-25DF-437C-816C-94A2B684B4A5}
	EndGlobalSection
EndGlobal
